
Microsoft Visual Studio Solution File, Format Version 12.00
# Visual Studio Version 16
VisualStudioVersion = 16.0.30804.86
MinimumVisualStudioVersion = 10.0.40219.1
Project("{FAE04EC0-301F-11D3-BF4B-00C04F79EFBC}") = "kalkylator_by_vlad_edition", "kalkylator_by_vlad_edition\kalkylator_by_vlad_edition.csproj", "{00ADE887-CBBE-4746-A7E8-99152AAF8FA3}"
EndProject
Global
	GlobalSection(SolutionConfigurationPlatforms) = preSolution
		Debug|Any CPU = Debug|Any CPU
		Release|Any CPU = Release|Any CPU
	EndGlobalSection
	GlobalSection(ProjectConfigurationPlatforms) = postSolution
		{00ADE887-CBBE-4746-A7E8-99152AAF8FA3}.Debug|Any CPU.ActiveCfg = Debug|Any CPU
		{00ADE887-CBBE-4746-A7E8-99152AAF8FA3}.Debug|Any CPU.Build.0 = Debug|Any CPU
		{00ADE887-CBBE-4746-A7E8-99152AAF8FA3}.Release|Any CPU.ActiveCfg = Release|Any CPU
		{00ADE887-CBBE-4746-A7E8-99152AAF8FA3}.Release|Any CPU.Build.0 = Release|Any CPU
	EndGlobalSection
	GlobalSection(SolutionProperties) = preSolution
		HideSolutionNode = FALSE
	EndGlobalSection
	GlobalSection(ExtensibilityGlobals) = postSolution
		SolutionGuid = {8C5576A5-048B-41D8-8B47-5E12D91BDE2A}
	EndGlobalSection
EndGlobal
